// !$*UTF8*$!
{
	archiveVersion = 1;
	classes = {
	};
	objectVersion = 56;
	objects = {

/* Begin PBXBuildFile section */
		A404B0532950DF56002AEDC3 /* GameViewController+HintsViewDelegate.swift in Sources */ = {isa = PBXBuildFile; fileRef = A404B0522950DF56002AEDC3 /* GameViewController+HintsViewDelegate.swift */; };
		A404B05629518663002AEDC3 /* AddingQuestionViewController.swift in Sources */ = {isa = PBXBuildFile; fileRef = A404B05529518663002AEDC3 /* AddingQuestionViewController.swift */; };
		A404B058295188FC002AEDC3 /* AddingQuestionViewController+DataSource.swift in Sources */ = {isa = PBXBuildFile; fileRef = A404B057295188FC002AEDC3 /* AddingQuestionViewController+DataSource.swift */; };
		A404B05A2951893B002AEDC3 /* AddingQuestionViewController+Delegate.swift in Sources */ = {isa = PBXBuildFile; fileRef = A404B0592951893B002AEDC3 /* AddingQuestionViewController+Delegate.swift */; };
		A404B05C29518A39002AEDC3 /* AddingQuestionHeaderView.swift in Sources */ = {isa = PBXBuildFile; fileRef = A404B05B29518A39002AEDC3 /* AddingQuestionHeaderView.swift */; };
		A404B05E29518A9D002AEDC3 /* AddingQuestionFooterView.swift in Sources */ = {isa = PBXBuildFile; fileRef = A404B05D29518A9D002AEDC3 /* AddingQuestionFooterView.swift */; };
		A404B06029518ADF002AEDC3 /* AddingQuestionAnswerCell.swift in Sources */ = {isa = PBXBuildFile; fileRef = A404B05F29518ADF002AEDC3 /* AddingQuestionAnswerCell.swift */; };
		A404B06429518C8D002AEDC3 /* Test.xib in Resources */ = {isa = PBXBuildFile; fileRef = A404B06329518C8D002AEDC3 /* Test.xib */; };
		A4105C042954B8E100515F60 /* ConcreteMediator.swift in Sources */ = {isa = PBXBuildFile; fileRef = A4105C032954B8E100515F60 /* ConcreteMediator.swift */; };
		A4BF904E2937B6A200EF76CA /* OrderQuestions.swift in Sources */ = {isa = PBXBuildFile; fileRef = A4BF904D2937B6A200EF76CA /* OrderQuestions.swift */; };
		A4C456602938A09000295A09 /* SettingsViewController.swift in Sources */ = {isa = PBXBuildFile; fileRef = A4C4565F2938A09000295A09 /* SettingsViewController.swift */; };
		A4C456622938A15600295A09 /* SettingsOrderQuestionsCell.swift in Sources */ = {isa = PBXBuildFile; fileRef = A4C456612938A15600295A09 /* SettingsOrderQuestionsCell.swift */; };
		A4C456642938C35F00295A09 /* SettingsViewController+DataSource.swift in Sources */ = {isa = PBXBuildFile; fileRef = A4C456632938C35F00295A09 /* SettingsViewController+DataSource.swift */; };
		A4C4566829393A4400295A09 /* OrderQuestionsStrategy.swift in Sources */ = {isa = PBXBuildFile; fileRef = A4C4566729393A4400295A09 /* OrderQuestionsStrategy.swift */; };
		A4C4566A29393AE000295A09 /* SerialOrderQuestionsStrategy.swift in Sources */ = {isa = PBXBuildFile; fileRef = A4C4566929393AE000295A09 /* SerialOrderQuestionsStrategy.swift */; };
		A4C4566C29393B4700295A09 /* RandomOrderQuestionsStrategy.swift in Sources */ = {isa = PBXBuildFile; fileRef = A4C4566B29393B4700295A09 /* RandomOrderQuestionsStrategy.swift */; };
		A4CD37A5292D626D00DC289E /* AppDelegate.swift in Sources */ = {isa = PBXBuildFile; fileRef = A4CD37A4292D626D00DC289E /* AppDelegate.swift */; };
		A4CD37A7292D626D00DC289E /* SceneDelegate.swift in Sources */ = {isa = PBXBuildFile; fileRef = A4CD37A6292D626D00DC289E /* SceneDelegate.swift */; };
		A4CD37A9292D626D00DC289E /* MainMenuViewController.swift in Sources */ = {isa = PBXBuildFile; fileRef = A4CD37A8292D626D00DC289E /* MainMenuViewController.swift */; };
		A4CD37AE292D626D00DC289E /* Assets.xcassets in Resources */ = {isa = PBXBuildFile; fileRef = A4CD37AD292D626D00DC289E /* Assets.xcassets */; };
		A4CD37B1292D626D00DC289E /* LaunchScreen.storyboard in Resources */ = {isa = PBXBuildFile; fileRef = A4CD37AF292D626D00DC289E /* LaunchScreen.storyboard */; };
		A4CD37BB292E373700DC289E /* GameViewController.swift in Sources */ = {isa = PBXBuildFile; fileRef = A4CD37BA292E373700DC289E /* GameViewController.swift */; };
		A4CD37C0292E485100DC289E /* AnswerCell.swift in Sources */ = {isa = PBXBuildFile; fileRef = A4CD37BF292E485100DC289E /* AnswerCell.swift */; };
		A4CD37C2292E4A2A00DC289E /* GameViewController+DataSource.swift in Sources */ = {isa = PBXBuildFile; fileRef = A4CD37C1292E4A2A00DC289E /* GameViewController+DataSource.swift */; };
		A4CD37C4292E4C9000DC289E /* QuestionView.swift in Sources */ = {isa = PBXBuildFile; fileRef = A4CD37C3292E4C9000DC289E /* QuestionView.swift */; };
		A4CD37C6292EA4DF00DC289E /* Ext+TableView.swift in Sources */ = {isa = PBXBuildFile; fileRef = A4CD37C5292EA4DF00DC289E /* Ext+TableView.swift */; };
		A4CD37CA292EC5C900DC289E /* Question.swift in Sources */ = {isa = PBXBuildFile; fileRef = A4CD37C9292EC5C900DC289E /* Question.swift */; };
		A4CD37CE292FA95F00DC289E /* GameViewController+Delegate.swift in Sources */ = {isa = PBXBuildFile; fileRef = A4CD37CD292FA95F00DC289E /* GameViewController+Delegate.swift */; };
		A4CD37DA2936414100DC289E /* Game.swift in Sources */ = {isa = PBXBuildFile; fileRef = A4CD37D92936414100DC289E /* Game.swift */; };
		A4CD37DC2936417900DC289E /* GameSession.swift in Sources */ = {isa = PBXBuildFile; fileRef = A4CD37DB2936417900DC289E /* GameSession.swift */; };
		A4CD37DF29366A4800DC289E /* ResultViewController.swift in Sources */ = {isa = PBXBuildFile; fileRef = A4CD37DE29366A4800DC289E /* ResultViewController.swift */; };
		A4CD37E429366B3400DC289E /* ResultCell.swift in Sources */ = {isa = PBXBuildFile; fileRef = A4CD37E329366B3400DC289E /* ResultCell.swift */; };
		A4CD37E629366C0800DC289E /* ResultViewController+DataSource.swift in Sources */ = {isa = PBXBuildFile; fileRef = A4CD37E529366C0800DC289E /* ResultViewController+DataSource.swift */; };
		A4CD37EA2936848500DC289E /* ResultsCaretaker.swift in Sources */ = {isa = PBXBuildFile; fileRef = A4CD37E92936848500DC289E /* ResultsCaretaker.swift */; };
		A4FE8780293A0E8C006AA496 /* Observable.swift in Sources */ = {isa = PBXBuildFile; fileRef = A4FE877F293A0E8C006AA496 /* Observable.swift */; };
		A4FE8782293A0FDE006AA496 /* HintsView.swift in Sources */ = {isa = PBXBuildFile; fileRef = A4FE8781293A0FDE006AA496 /* HintsView.swift */; };
		A4FE8784293A1281006AA496 /* MainMenuViewController+Ext.swift in Sources */ = {isa = PBXBuildFile; fileRef = A4FE8783293A1281006AA496 /* MainMenuViewController+Ext.swift */; };
/* End PBXBuildFile section */

/* Begin PBXFileReference section */
		A404B0522950DF56002AEDC3 /* GameViewController+HintsViewDelegate.swift */ = {isa = PBXFileReference; lastKnownFileType = sourcecode.swift; path = "GameViewController+HintsViewDelegate.swift"; sourceTree = "<group>"; };
		A404B05529518663002AEDC3 /* AddingQuestionViewController.swift */ = {isa = PBXFileReference; lastKnownFileType = sourcecode.swift; path = AddingQuestionViewController.swift; sourceTree = "<group>"; };
		A404B057295188FC002AEDC3 /* AddingQuestionViewController+DataSource.swift */ = {isa = PBXFileReference; lastKnownFileType = sourcecode.swift; path = "AddingQuestionViewController+DataSource.swift"; sourceTree = "<group>"; };
		A404B0592951893B002AEDC3 /* AddingQuestionViewController+Delegate.swift */ = {isa = PBXFileReference; lastKnownFileType = sourcecode.swift; path = "AddingQuestionViewController+Delegate.swift"; sourceTree = "<group>"; };
		A404B05B29518A39002AEDC3 /* AddingQuestionHeaderView.swift */ = {isa = PBXFileReference; lastKnownFileType = sourcecode.swift; path = AddingQuestionHeaderView.swift; sourceTree = "<group>"; };
		A404B05D29518A9D002AEDC3 /* AddingQuestionFooterView.swift */ = {isa = PBXFileReference; lastKnownFileType = sourcecode.swift; path = AddingQuestionFooterView.swift; sourceTree = "<group>"; };
		A404B05F29518ADF002AEDC3 /* AddingQuestionAnswerCell.swift */ = {isa = PBXFileReference; lastKnownFileType = sourcecode.swift; path = AddingQuestionAnswerCell.swift; sourceTree = "<group>"; };
		A404B06329518C8D002AEDC3 /* Test.xib */ = {isa = PBXFileReference; lastKnownFileType = file.xib; path = Test.xib; sourceTree = "<group>"; };
		A4105C032954B8E100515F60 /* ConcreteMediator.swift */ = {isa = PBXFileReference; lastKnownFileType = sourcecode.swift; path = ConcreteMediator.swift; sourceTree = "<group>"; };
		A4BF904D2937B6A200EF76CA /* OrderQuestions.swift */ = {isa = PBXFileReference; lastKnownFileType = sourcecode.swift; path = OrderQuestions.swift; sourceTree = "<group>"; };
		A4C4565F2938A09000295A09 /* SettingsViewController.swift */ = {isa = PBXFileReference; lastKnownFileType = sourcecode.swift; path = SettingsViewController.swift; sourceTree = "<group>"; };
		A4C456612938A15600295A09 /* SettingsOrderQuestionsCell.swift */ = {isa = PBXFileReference; lastKnownFileType = sourcecode.swift; path = SettingsOrderQuestionsCell.swift; sourceTree = "<group>"; };
		A4C456632938C35F00295A09 /* SettingsViewController+DataSource.swift */ = {isa = PBXFileReference; lastKnownFileType = sourcecode.swift; path = "SettingsViewController+DataSource.swift"; sourceTree = "<group>"; };
		A4C4566729393A4400295A09 /* OrderQuestionsStrategy.swift */ = {isa = PBXFileReference; lastKnownFileType = sourcecode.swift; path = OrderQuestionsStrategy.swift; sourceTree = "<group>"; };
		A4C4566929393AE000295A09 /* SerialOrderQuestionsStrategy.swift */ = {isa = PBXFileReference; lastKnownFileType = sourcecode.swift; path = SerialOrderQuestionsStrategy.swift; sourceTree = "<group>"; };
		A4C4566B29393B4700295A09 /* RandomOrderQuestionsStrategy.swift */ = {isa = PBXFileReference; lastKnownFileType = sourcecode.swift; path = RandomOrderQuestionsStrategy.swift; sourceTree = "<group>"; };
		A4CD37A1292D626D00DC289E /* Millionare.app */ = {isa = PBXFileReference; explicitFileType = wrapper.application; includeInIndex = 0; path = Millionare.app; sourceTree = BUILT_PRODUCTS_DIR; };
		A4CD37A4292D626D00DC289E /* AppDelegate.swift */ = {isa = PBXFileReference; lastKnownFileType = sourcecode.swift; path = AppDelegate.swift; sourceTree = "<group>"; };
		A4CD37A6292D626D00DC289E /* SceneDelegate.swift */ = {isa = PBXFileReference; lastKnownFileType = sourcecode.swift; path = SceneDelegate.swift; sourceTree = "<group>"; };
		A4CD37A8292D626D00DC289E /* MainMenuViewController.swift */ = {isa = PBXFileReference; lastKnownFileType = sourcecode.swift; path = MainMenuViewController.swift; sourceTree = "<group>"; };
		A4CD37AD292D626D00DC289E /* Assets.xcassets */ = {isa = PBXFileReference; lastKnownFileType = folder.assetcatalog; path = Assets.xcassets; sourceTree = "<group>"; };
		A4CD37B0292D626D00DC289E /* Base */ = {isa = PBXFileReference; lastKnownFileType = file.storyboard; name = Base; path = Base.lproj/LaunchScreen.storyboard; sourceTree = "<group>"; };
		A4CD37B2292D626D00DC289E /* Info.plist */ = {isa = PBXFileReference; lastKnownFileType = text.plist.xml; path = Info.plist; sourceTree = "<group>"; };
		A4CD37BA292E373700DC289E /* GameViewController.swift */ = {isa = PBXFileReference; lastKnownFileType = sourcecode.swift; path = GameViewController.swift; sourceTree = "<group>"; };
		A4CD37BF292E485100DC289E /* AnswerCell.swift */ = {isa = PBXFileReference; lastKnownFileType = sourcecode.swift; path = AnswerCell.swift; sourceTree = "<group>"; };
		A4CD37C1292E4A2A00DC289E /* GameViewController+DataSource.swift */ = {isa = PBXFileReference; lastKnownFileType = sourcecode.swift; path = "GameViewController+DataSource.swift"; sourceTree = "<group>"; };
		A4CD37C3292E4C9000DC289E /* QuestionView.swift */ = {isa = PBXFileReference; lastKnownFileType = sourcecode.swift; path = QuestionView.swift; sourceTree = "<group>"; };
		A4CD37C5292EA4DF00DC289E /* Ext+TableView.swift */ = {isa = PBXFileReference; lastKnownFileType = sourcecode.swift; path = "Ext+TableView.swift"; sourceTree = "<group>"; };
		A4CD37C9292EC5C900DC289E /* Question.swift */ = {isa = PBXFileReference; lastKnownFileType = sourcecode.swift; path = Question.swift; sourceTree = "<group>"; };
		A4CD37CD292FA95F00DC289E /* GameViewController+Delegate.swift */ = {isa = PBXFileReference; lastKnownFileType = sourcecode.swift; path = "GameViewController+Delegate.swift"; sourceTree = "<group>"; };
		A4CD37D92936414100DC289E /* Game.swift */ = {isa = PBXFileReference; lastKnownFileType = sourcecode.swift; path = Game.swift; sourceTree = "<group>"; };
		A4CD37DB2936417900DC289E /* GameSession.swift */ = {isa = PBXFileReference; lastKnownFileType = sourcecode.swift; path = GameSession.swift; sourceTree = "<group>"; };
		A4CD37DE29366A4800DC289E /* ResultViewController.swift */ = {isa = PBXFileReference; lastKnownFileType = sourcecode.swift; path = ResultViewController.swift; sourceTree = "<group>"; };
		A4CD37E329366B3400DC289E /* ResultCell.swift */ = {isa = PBXFileReference; lastKnownFileType = sourcecode.swift; path = ResultCell.swift; sourceTree = "<group>"; };
		A4CD37E529366C0800DC289E /* ResultViewController+DataSource.swift */ = {isa = PBXFileReference; lastKnownFileType = sourcecode.swift; path = "ResultViewController+DataSource.swift"; sourceTree = "<group>"; };
		A4CD37E92936848500DC289E /* ResultsCaretaker.swift */ = {isa = PBXFileReference; lastKnownFileType = sourcecode.swift; path = ResultsCaretaker.swift; sourceTree = "<group>"; };
		A4FE877F293A0E8C006AA496 /* Observable.swift */ = {isa = PBXFileReference; fileEncoding = 4; lastKnownFileType = sourcecode.swift; path = Observable.swift; sourceTree = "<group>"; };
		A4FE8781293A0FDE006AA496 /* HintsView.swift */ = {isa = PBXFileReference; lastKnownFileType = sourcecode.swift; path = HintsView.swift; sourceTree = "<group>"; };
		A4FE8783293A1281006AA496 /* MainMenuViewController+Ext.swift */ = {isa = PBXFileReference; lastKnownFileType = sourcecode.swift; path = "MainMenuViewController+Ext.swift"; sourceTree = "<group>"; };
/* End PBXFileReference section */

/* Begin PBXFrameworksBuildPhase section */
		A4CD379E292D626D00DC289E /* Frameworks */ = {
			isa = PBXFrameworksBuildPhase;
			buildActionMask = 2147483647;
			files = (
			);
			runOnlyForDeploymentPostprocessing = 0;
		};
/* End PBXFrameworksBuildPhase section */

/* Begin PBXGroup section */
		A404B05429518630002AEDC3 /* AddingQuestionViewController */ = {
			isa = PBXGroup;
			children = (
				A404B05529518663002AEDC3 /* AddingQuestionViewController.swift */,
				A404B057295188FC002AEDC3 /* AddingQuestionViewController+DataSource.swift */,
				A404B0592951893B002AEDC3 /* AddingQuestionViewController+Delegate.swift */,
			);
			path = AddingQuestionViewController;
			sourceTree = "<group>";
		};
		A404B06129518B1F002AEDC3 /* AddingQuestionViews */ = {
			isa = PBXGroup;
			children = (
				A404B05B29518A39002AEDC3 /* AddingQuestionHeaderView.swift */,
				A404B05D29518A9D002AEDC3 /* AddingQuestionFooterView.swift */,
				A404B05F29518ADF002AEDC3 /* AddingQuestionAnswerCell.swift */,
				A404B06329518C8D002AEDC3 /* Test.xib */,
			);
			path = AddingQuestionViews;
			sourceTree = "<group>";
		};
		A404B06229518B62002AEDC3 /* GameViews */ = {
			isa = PBXGroup;
			children = (
				A4CD37BF292E485100DC289E /* AnswerCell.swift */,
				A4CD37C3292E4C9000DC289E /* QuestionView.swift */,
				A4FE8781293A0FDE006AA496 /* HintsView.swift */,
			);
			path = GameViews;
			sourceTree = "<group>";
		};
		A4C456652938C37800295A09 /* SettingsViewController */ = {
			isa = PBXGroup;
			children = (
				A4C4565F2938A09000295A09 /* SettingsViewController.swift */,
				A4C456632938C35F00295A09 /* SettingsViewController+DataSource.swift */,
			);
			path = SettingsViewController;
			sourceTree = "<group>";
		};
		A4C4566629393A2700295A09 /* Strategy */ = {
			isa = PBXGroup;
			children = (
				A4BF904D2937B6A200EF76CA /* OrderQuestions.swift */,
				A4C4566729393A4400295A09 /* OrderQuestionsStrategy.swift */,
				A4C4566929393AE000295A09 /* SerialOrderQuestionsStrategy.swift */,
				A4C4566B29393B4700295A09 /* RandomOrderQuestionsStrategy.swift */,
			);
			path = Strategy;
			sourceTree = "<group>";
		};
		A4CD3798292D626C00DC289E = {
			isa = PBXGroup;
			children = (
				A4CD37A3292D626D00DC289E /* Millionare */,
				A4CD37A2292D626D00DC289E /* Products */,
			);
			sourceTree = "<group>";
		};
		A4CD37A2292D626D00DC289E /* Products */ = {
			isa = PBXGroup;
			children = (
				A4CD37A1292D626D00DC289E /* Millionare.app */,
			);
			name = Products;
			sourceTree = "<group>";
		};
		A4CD37A3292D626D00DC289E /* Millionare */ = {
			isa = PBXGroup;
			children = (
				A4CD37E229366B0B00DC289E /* App */,
				A4CD37BC292E37D700DC289E /* ViewControllers */,
				A4CD37E029366A8B00DC289E /* Views */,
				A4CD37C8292EC5B800DC289E /* Model */,
				A4CD37E129366AC300DC289E /* Support */,
				A4C4566629393A2700295A09 /* Strategy */,
				A4CD37AD292D626D00DC289E /* Assets.xcassets */,
				A4CD37AF292D626D00DC289E /* LaunchScreen.storyboard */,
				A4CD37B2292D626D00DC289E /* Info.plist */,
			);
			path = Millionare;
			sourceTree = "<group>";
		};
		A4CD37BC292E37D700DC289E /* ViewControllers */ = {
			isa = PBXGroup;
			children = (
				A404B05429518630002AEDC3 /* AddingQuestionViewController */,
				A4CD37BD292E37E300DC289E /* MainMenuViewController */,
				A4CD37BE292E37FB00DC289E /* GameViewController */,
				A4CD37DD293669F900DC289E /* ResultViewController */,
				A4C456652938C37800295A09 /* SettingsViewController */,
			);
			path = ViewControllers;
			sourceTree = "<group>";
		};
		A4CD37BD292E37E300DC289E /* MainMenuViewController */ = {
			isa = PBXGroup;
			children = (
				A4CD37A8292D626D00DC289E /* MainMenuViewController.swift */,
				A4FE8783293A1281006AA496 /* MainMenuViewController+Ext.swift */,
			);
			path = MainMenuViewController;
			sourceTree = "<group>";
		};
		A4CD37BE292E37FB00DC289E /* GameViewController */ = {
			isa = PBXGroup;
			children = (
				A4CD37BA292E373700DC289E /* GameViewController.swift */,
				A4CD37C1292E4A2A00DC289E /* GameViewController+DataSource.swift */,
				A4CD37CD292FA95F00DC289E /* GameViewController+Delegate.swift */,
				A404B0522950DF56002AEDC3 /* GameViewController+HintsViewDelegate.swift */,
			);
			path = GameViewController;
			sourceTree = "<group>";
		};
		A4CD37C8292EC5B800DC289E /* Model */ = {
			isa = PBXGroup;
			children = (
				A4CD37DB2936417900DC289E /* GameSession.swift */,
				A4CD37C9292EC5C900DC289E /* Question.swift */,
			);
			path = Model;
			sourceTree = "<group>";
		};
		A4CD37DD293669F900DC289E /* ResultViewController */ = {
			isa = PBXGroup;
			children = (
				A4CD37DE29366A4800DC289E /* ResultViewController.swift */,
				A4CD37E529366C0800DC289E /* ResultViewController+DataSource.swift */,
			);
			path = ResultViewController;
			sourceTree = "<group>";
		};
		A4CD37E029366A8B00DC289E /* Views */ = {
			isa = PBXGroup;
			children = (
				A404B06229518B62002AEDC3 /* GameViews */,
				A4CD37E329366B3400DC289E /* ResultCell.swift */,
				A4C456612938A15600295A09 /* SettingsOrderQuestionsCell.swift */,
				A404B06129518B1F002AEDC3 /* AddingQuestionViews */,
			);
			path = Views;
			sourceTree = "<group>";
		};
		A4CD37E129366AC300DC289E /* Support */ = {
			isa = PBXGroup;
			children = (
				A4FE877F293A0E8C006AA496 /* Observable.swift */,
				A4CD37C5292EA4DF00DC289E /* Ext+TableView.swift */,
				A4CD37D92936414100DC289E /* Game.swift */,
				A4CD37E92936848500DC289E /* ResultsCaretaker.swift */,
				A4105C032954B8E100515F60 /* ConcreteMediator.swift */,
			);
			path = Support;
			sourceTree = "<group>";
		};
		A4CD37E229366B0B00DC289E /* App */ = {
			isa = PBXGroup;
			children = (
				A4CD37A4292D626D00DC289E /* AppDelegate.swift */,
				A4CD37A6292D626D00DC289E /* SceneDelegate.swift */,
			);
			path = App;
			sourceTree = "<group>";
		};
/* End PBXGroup section */

/* Begin PBXNativeTarget section */
		A4CD37A0292D626D00DC289E /* Millionare */ = {
			isa = PBXNativeTarget;
			buildConfigurationList = A4CD37B5292D626D00DC289E /* Build configuration list for PBXNativeTarget "Millionare" */;
			buildPhases = (
				A4CD379D292D626D00DC289E /* Sources */,
				A4CD379E292D626D00DC289E /* Frameworks */,
				A4CD379F292D626D00DC289E /* Resources */,
			);
			buildRules = (
			);
			dependencies = (
			);
			name = Millionare;
			productName = Millionare;
			productReference = A4CD37A1292D626D00DC289E /* Millionare.app */;
			productType = "com.apple.product-type.application";
		};
/* End PBXNativeTarget section */

/* Begin PBXProject section */
		A4CD3799292D626C00DC289E /* Project object */ = {
			isa = PBXProject;
			attributes = {
				BuildIndependentTargetsInParallel = 1;
				LastSwiftUpdateCheck = 1410;
				LastUpgradeCheck = 1410;
				TargetAttributes = {
					A4CD37A0292D626D00DC289E = {
						CreatedOnToolsVersion = 14.1;
					};
				};
			};
			buildConfigurationList = A4CD379C292D626C00DC289E /* Build configuration list for PBXProject "Millionare" */;
			compatibilityVersion = "Xcode 14.0";
			developmentRegion = en;
			hasScannedForEncodings = 0;
			knownRegions = (
				en,
				Base,
			);
			mainGroup = A4CD3798292D626C00DC289E;
			productRefGroup = A4CD37A2292D626D00DC289E /* Products */;
			projectDirPath = "";
			projectRoot = "";
			targets = (
				A4CD37A0292D626D00DC289E /* Millionare */,
			);
		};
/* End PBXProject section */

/* Begin PBXResourcesBuildPhase section */
		A4CD379F292D626D00DC289E /* Resources */ = {
			isa = PBXResourcesBuildPhase;
			buildActionMask = 2147483647;
			files = (
				A4CD37B1292D626D00DC289E /* LaunchScreen.storyboard in Resources */,
				A404B06429518C8D002AEDC3 /* Test.xib in Resources */,
				A4CD37AE292D626D00DC289E /* Assets.xcassets in Resources */,
			);
			runOnlyForDeploymentPostprocessing = 0;
		};
/* End PBXResourcesBuildPhase section */

/* Begin PBXSourcesBuildPhase section */
		A4CD379D292D626D00DC289E /* Sources */ = {
			isa = PBXSourcesBuildPhase;
			buildActionMask = 2147483647;
			files = (
				A4105C042954B8E100515F60 /* ConcreteMediator.swift in Sources */,
				A4CD37DF29366A4800DC289E /* ResultViewController.swift in Sources */,
				A4BF904E2937B6A200EF76CA /* OrderQuestions.swift in Sources */,
				A404B05E29518A9D002AEDC3 /* AddingQuestionFooterView.swift in Sources */,
				A404B0532950DF56002AEDC3 /* GameViewController+HintsViewDelegate.swift in Sources */,
				A404B06029518ADF002AEDC3 /* AddingQuestionAnswerCell.swift in Sources */,
				A4CD37BB292E373700DC289E /* GameViewController.swift in Sources */,
				A4CD37A9292D626D00DC289E /* MainMenuViewController.swift in Sources */,
				A4C4566829393A4400295A09 /* OrderQuestionsStrategy.swift in Sources */,
				A4CD37A5292D626D00DC289E /* AppDelegate.swift in Sources */,
				A4CD37CE292FA95F00DC289E /* GameViewController+Delegate.swift in Sources */,
				A4CD37EA2936848500DC289E /* ResultsCaretaker.swift in Sources */,
				A4CD37CA292EC5C900DC289E /* Question.swift in Sources */,
				A4C4566A29393AE000295A09 /* SerialOrderQuestionsStrategy.swift in Sources */,
				A4CD37C4292E4C9000DC289E /* QuestionView.swift in Sources */,
				A4C4566C29393B4700295A09 /* RandomOrderQuestionsStrategy.swift in Sources */,
				A4CD37DA2936414100DC289E /* Game.swift in Sources */,
				A404B05A2951893B002AEDC3 /* AddingQuestionViewController+Delegate.swift in Sources */,
				A4CD37A7292D626D00DC289E /* SceneDelegate.swift in Sources */,
				A4CD37C6292EA4DF00DC289E /* Ext+TableView.swift in Sources */,
				A404B05C29518A39002AEDC3 /* AddingQuestionHeaderView.swift in Sources */,
				A4C456642938C35F00295A09 /* SettingsViewController+DataSource.swift in Sources */,
				A4FE8780293A0E8C006AA496 /* Observable.swift in Sources */,
				A4FE8782293A0FDE006AA496 /* HintsView.swift in Sources */,
				A4CD37E629366C0800DC289E /* ResultViewController+DataSource.swift in Sources */,
				A4CD37C0292E485100DC289E /* AnswerCell.swift in Sources */,
				A4C456622938A15600295A09 /* SettingsOrderQuestionsCell.swift in Sources */,
				A4FE8784293A1281006AA496 /* MainMenuViewController+Ext.swift in Sources */,
				A4CD37DC2936417900DC289E /* GameSession.swift in Sources */,
				A4CD37E429366B3400DC289E /* ResultCell.swift in Sources */,
				A4CD37C2292E4A2A00DC289E /* GameViewController+DataSource.swift in Sources */,
				A4C456602938A09000295A09 /* SettingsViewController.swift in Sources */,
				A404B05629518663002AEDC3 /* AddingQuestionViewController.swift in Sources */,
				A404B058295188FC002AEDC3 /* AddingQuestionViewController+DataSource.swift in Sources */,
			);
			runOnlyForDeploymentPostprocessing = 0;
		};
/* End PBXSourcesBuildPhase section */

/* Begin PBXVariantGroup section */
		A4CD37AF292D626D00DC289E /* LaunchScreen.storyboard */ = {
			isa = PBXVariantGroup;
			children = (
				A4CD37B0292D626D00DC289E /* Base */,
			);
			name = LaunchScreen.storyboard;
			sourceTree = "<group>";
		};
/* End PBXVariantGroup section */

/* Begin XCBuildConfiguration section */
		A4CD37B3292D626D00DC289E /* Debug */ = {
			isa = XCBuildConfiguration;
			buildSettings = {
				ALWAYS_SEARCH_USER_PATHS = NO;
				CLANG_ANALYZER_NONNULL = YES;
				CLANG_ANALYZER_NUMBER_OBJECT_CONVERSION = YES_AGGRESSIVE;
				CLANG_CXX_LANGUAGE_STANDARD = "gnu++20";
				CLANG_ENABLE_MODULES = YES;
				CLANG_ENABLE_OBJC_ARC = YES;
				CLANG_ENABLE_OBJC_WEAK = YES;
				CLANG_WARN_BLOCK_CAPTURE_AUTORELEASING = YES;
				CLANG_WARN_BOOL_CONVERSION = YES;
				CLANG_WARN_COMMA = YES;
				CLANG_WARN_CONSTANT_CONVERSION = YES;
				CLANG_WARN_DEPRECATED_OBJC_IMPLEMENTATIONS = YES;
				CLANG_WARN_DIRECT_OBJC_ISA_USAGE = YES_ERROR;
				CLANG_WARN_DOCUMENTATION_COMMENTS = YES;
				CLANG_WARN_EMPTY_BODY = YES;
				CLANG_WARN_ENUM_CONVERSION = YES;
				CLANG_WARN_INFINITE_RECURSION = YES;
				CLANG_WARN_INT_CONVERSION = YES;
				CLANG_WARN_NON_LITERAL_NULL_CONVERSION = YES;
				CLANG_WARN_OBJC_IMPLICIT_RETAIN_SELF = YES;
				CLANG_WARN_OBJC_LITERAL_CONVERSION = YES;
				CLANG_WARN_OBJC_ROOT_CLASS = YES_ERROR;
				CLANG_WARN_QUOTED_INCLUDE_IN_FRAMEWORK_HEADER = YES;
				CLANG_WARN_RANGE_LOOP_ANALYSIS = YES;
				CLANG_WARN_STRICT_PROTOTYPES = YES;
				CLANG_WARN_SUSPICIOUS_MOVE = YES;
				CLANG_WARN_UNGUARDED_AVAILABILITY = YES_AGGRESSIVE;
				CLANG_WARN_UNREACHABLE_CODE = YES;
				CLANG_WARN__DUPLICATE_METHOD_MATCH = YES;
				COPY_PHASE_STRIP = NO;
				DEBUG_INFORMATION_FORMAT = dwarf;
				ENABLE_STRICT_OBJC_MSGSEND = YES;
				ENABLE_TESTABILITY = YES;
				GCC_C_LANGUAGE_STANDARD = gnu11;
				GCC_DYNAMIC_NO_PIC = NO;
				GCC_NO_COMMON_BLOCKS = YES;
				GCC_OPTIMIZATION_LEVEL = 0;
				GCC_PREPROCESSOR_DEFINITIONS = (
					"DEBUG=1",
					"$(inherited)",
				);
				GCC_WARN_64_TO_32_BIT_CONVERSION = YES;
				GCC_WARN_ABOUT_RETURN_TYPE = YES_ERROR;
				GCC_WARN_UNDECLARED_SELECTOR = YES;
				GCC_WARN_UNINITIALIZED_AUTOS = YES_AGGRESSIVE;
				GCC_WARN_UNUSED_FUNCTION = YES;
				GCC_WARN_UNUSED_VARIABLE = YES;
				IPHONEOS_DEPLOYMENT_TARGET = 16.1;
				MTL_ENABLE_DEBUG_INFO = INCLUDE_SOURCE;
				MTL_FAST_MATH = YES;
				ONLY_ACTIVE_ARCH = YES;
				SDKROOT = iphoneos;
				SWIFT_ACTIVE_COMPILATION_CONDITIONS = DEBUG;
				SWIFT_OPTIMIZATION_LEVEL = "-Onone";
			};
			name = Debug;
		};
		A4CD37B4292D626D00DC289E /* Release */ = {
			isa = XCBuildConfiguration;
			buildSettings = {
				ALWAYS_SEARCH_USER_PATHS = NO;
				CLANG_ANALYZER_NONNULL = YES;
				CLANG_ANALYZER_NUMBER_OBJECT_CONVERSION = YES_AGGRESSIVE;
				CLANG_CXX_LANGUAGE_STANDARD = "gnu++20";
				CLANG_ENABLE_MODULES = YES;
				CLANG_ENABLE_OBJC_ARC = YES;
				CLANG_ENABLE_OBJC_WEAK = YES;
				CLANG_WARN_BLOCK_CAPTURE_AUTORELEASING = YES;
				CLANG_WARN_BOOL_CONVERSION = YES;
				CLANG_WARN_COMMA = YES;
				CLANG_WARN_CONSTANT_CONVERSION = YES;
				CLANG_WARN_DEPRECATED_OBJC_IMPLEMENTATIONS = YES;
				CLANG_WARN_DIRECT_OBJC_ISA_USAGE = YES_ERROR;
				CLANG_WARN_DOCUMENTATION_COMMENTS = YES;
				CLANG_WARN_EMPTY_BODY = YES;
				CLANG_WARN_ENUM_CONVERSION = YES;
				CLANG_WARN_INFINITE_RECURSION = YES;
				CLANG_WARN_INT_CONVERSION = YES;
				CLANG_WARN_NON_LITERAL_NULL_CONVERSION = YES;
				CLANG_WARN_OBJC_IMPLICIT_RETAIN_SELF = YES;
				CLANG_WARN_OBJC_LITERAL_CONVERSION = YES;
				CLANG_WARN_OBJC_ROOT_CLASS = YES_ERROR;
				CLANG_WARN_QUOTED_INCLUDE_IN_FRAMEWORK_HEADER = YES;
				CLANG_WARN_RANGE_LOOP_ANALYSIS = YES;
				CLANG_WARN_STRICT_PROTOTYPES = YES;
				CLANG_WARN_SUSPICIOUS_MOVE = YES;
				CLANG_WARN_UNGUARDED_AVAILABILITY = YES_AGGRESSIVE;
				CLANG_WARN_UNREACHABLE_CODE = YES;
				CLANG_WARN__DUPLICATE_METHOD_MATCH = YES;
				COPY_PHASE_STRIP = NO;
				DEBUG_INFORMATION_FORMAT = "dwarf-with-dsym";
				ENABLE_NS_ASSERTIONS = NO;
				ENABLE_STRICT_OBJC_MSGSEND = YES;
				GCC_C_LANGUAGE_STANDARD = gnu11;
				GCC_NO_COMMON_BLOCKS = YES;
				GCC_WARN_64_TO_32_BIT_CONVERSION = YES;
				GCC_WARN_ABOUT_RETURN_TYPE = YES_ERROR;
				GCC_WARN_UNDECLARED_SELECTOR = YES;
				GCC_WARN_UNINITIALIZED_AUTOS = YES_AGGRESSIVE;
				GCC_WARN_UNUSED_FUNCTION = YES;
				GCC_WARN_UNUSED_VARIABLE = YES;
				IPHONEOS_DEPLOYMENT_TARGET = 16.1;
				MTL_ENABLE_DEBUG_INFO = NO;
				MTL_FAST_MATH = YES;
				SDKROOT = iphoneos;
				SWIFT_COMPILATION_MODE = wholemodule;
				SWIFT_OPTIMIZATION_LEVEL = "-O";
				VALIDATE_PRODUCT = YES;
			};
			name = Release;
		};
		A4CD37B6292D626D00DC289E /* Debug */ = {
			isa = XCBuildConfiguration;
			buildSettings = {
				ASSETCATALOG_COMPILER_APPICON_NAME = AppIcon;
				ASSETCATALOG_COMPILER_GLOBAL_ACCENT_COLOR_NAME = AccentColor;
				CODE_SIGN_STYLE = Automatic;
				CURRENT_PROJECT_VERSION = 1;
				DEVELOPMENT_TEAM = 6MAW84PZ8M;
				GENERATE_INFOPLIST_FILE = YES;
				INFOPLIST_FILE = Millionare/Info.plist;
				INFOPLIST_KEY_UIApplicationSupportsIndirectInputEvents = YES;
				INFOPLIST_KEY_UILaunchStoryboardName = LaunchScreen;
				INFOPLIST_KEY_UISupportedInterfaceOrientations_iPad = "UIInterfaceOrientationPortrait UIInterfaceOrientationPortraitUpsideDown UIInterfaceOrientationLandscapeLeft UIInterfaceOrientationLandscapeRight";
				INFOPLIST_KEY_UISupportedInterfaceOrientations_iPhone = "UIInterfaceOrientationPortrait UIInterfaceOrientationLandscapeLeft UIInterfaceOrientationLandscapeRight";
				LD_RUNPATH_SEARCH_PATHS = (
					"$(inherited)",
					"@executable_path/Frameworks",
				);
				MARKETING_VERSION = 1.0;
				PRODUCT_BUNDLE_IDENTIFIER = my.5vi5t.Millionare;
				PRODUCT_NAME = "$(TARGET_NAME)";
				SWIFT_EMIT_LOC_STRINGS = YES;
				SWIFT_VERSION = 5.0;
				TARGETED_DEVICE_FAMILY = "1,2";
			};
			name = Debug;
		};
		A4CD37B7292D626D00DC289E /* Release */ = {
			isa = XCBuildConfiguration;
			buildSettings = {
				ASSETCATALOG_COMPILER_APPICON_NAME = AppIcon;
				ASSETCATALOG_COMPILER_GLOBAL_ACCENT_COLOR_NAME = AccentColor;
				CODE_SIGN_STYLE = Automatic;
				CURRENT_PROJECT_VERSION = 1;
				DEVELOPMENT_TEAM = 6MAW84PZ8M;
				GENERATE_INFOPLIST_FILE = YES;
				INFOPLIST_FILE = Millionare/Info.plist;
				INFOPLIST_KEY_UIApplicationSupportsIndirectInputEvents = YES;
				INFOPLIST_KEY_UILaunchStoryboardName = LaunchScreen;
				INFOPLIST_KEY_UISupportedInterfaceOrientations_iPad = "UIInterfaceOrientationPortrait UIInterfaceOrientationPortraitUpsideDown UIInterfaceOrientationLandscapeLeft UIInterfaceOrientationLandscapeRight";
				INFOPLIST_KEY_UISupportedInterfaceOrientations_iPhone = "UIInterfaceOrientationPortrait UIInterfaceOrientationLandscapeLeft UIInterfaceOrientationLandscapeRight";
				LD_RUNPATH_SEARCH_PATHS = (
					"$(inherited)",
					"@executable_path/Frameworks",
				);
				MARKETING_VERSION = 1.0;
				PRODUCT_BUNDLE_IDENTIFIER = my.5vi5t.Millionare;
				PRODUCT_NAME = "$(TARGET_NAME)";
				SWIFT_EMIT_LOC_STRINGS = YES;
				SWIFT_VERSION = 5.0;
				TARGETED_DEVICE_FAMILY = "1,2";
			};
			name = Release;
		};
/* End XCBuildConfiguration section */

/* Begin XCConfigurationList section */
		A4CD379C292D626C00DC289E /* Build configuration list for PBXProject "Millionare" */ = {
			isa = XCConfigurationList;
			buildConfigurations = (
				A4CD37B3292D626D00DC289E /* Debug */,
				A4CD37B4292D626D00DC289E /* Release */,
			);
			defaultConfigurationIsVisible = 0;
			defaultConfigurationName = Release;
		};
		A4CD37B5292D626D00DC289E /* Build configuration list for PBXNativeTarget "Millionare" */ = {
			isa = XCConfigurationList;
			buildConfigurations = (
				A4CD37B6292D626D00DC289E /* Debug */,
				A4CD37B7292D626D00DC289E /* Release */,
			);
			defaultConfigurationIsVisible = 0;
			defaultConfigurationName = Release;
		};
/* End XCConfigurationList section */
	};
	rootObject = A4CD3799292D626C00DC289E /* Project object */;
}
